
Microsoft Visual Studio Solution File, Format Version 12.00
# Visual Studio 2012
Project("{FAE04EC0-301F-11D3-BF4B-00C04F79EFBC}") = "TaskModul2Video6", "TaskModul2Video6\TaskModul2Video6.csproj", "{A912F581-D777-4C3C-B5B0-C529941A1673}"
EndProject
Global
	GlobalSection(SolutionConfigurationPlatforms) = preSolution
		Debug|x86 = Debug|x86
		Release|x86 = Release|x86
	EndGlobalSection
	GlobalSection(ProjectConfigurationPlatforms) = postSolution
		{A912F581-D777-4C3C-B5B0-C529941A1673}.Debug|x86.ActiveCfg = Debug|x86
		{A912F581-D777-4C3C-B5B0-C529941A1673}.Debug|x86.Build.0 = Debug|x86
		{A912F581-D777-4C3C-B5B0-C529941A1673}.Release|x86.ActiveCfg = Release|x86
		{A912F581-D777-4C3C-B5B0-C529941A1673}.Release|x86.Build.0 = Release|x86
	EndGlobalSection
EndGlobal
